<?xml version="1.0" encoding="utf-8"?>
<Project ToolsVersion="4.0" xmlns="http://schemas.microsoft.com/developer/msbuild/2003">
  <ItemGroup>
    <Filter Include="Source Files">
      <UniqueIdentifier>{4FC737F1-C7A5-4376-A066-2A32D752A2FF}</UniqueIdentifier>
      <Extensions>cpp;c;cc;cxx;c++;cppm;ixx;def;odl;idl;hpj;bat;asm;asmx</Extensions>
    </Filter>
    <Filter Include="Header Files">
      <UniqueIdentifier>{93995380-89BD-4b04-88EB-625FBE52EBFB}</UniqueIdentifier>
      <Extensions>h;hh;hpp;hxx;h++;hm;inl;inc;ipp;xsd</Extensions>
    </Filter>
    <Filter Include="Resource Files">
      <UniqueIdentifier>{67DA6AB6-F800-4c08-8B7A-83BB121AAD01}</UniqueIdentifier>
      <Extensions>rc;ico;cur;bmp;dlg;rc2;rct;bin;rgs;gif;jpg;jpeg;jpe;resx;tiff;tif;png;wav;mfcribbon-ms</Extensions>
    </Filter>
    <Filter Include="Lessons">
      <UniqueIdentifier>{059e6675-08e8-4ba3-91f2-d82cbff5605e}</UniqueIdentifier>
    </Filter>
    <Filter Include="Lessons\1%29 Basics of C++ Language">
      <UniqueIdentifier>{1eb4f125-82b5-4ce9-b0fe-cab436116515}</UniqueIdentifier>
    </Filter>
    <Filter Include="Lessons\1%29 Basics of C++ Language\Header Files">
      <UniqueIdentifier>{89ac5398-d07c-4b39-8214-fed6a8311d4f}</UniqueIdentifier>
    </Filter>
    <Filter Include="Lessons\1%29 Basics of C++ Language\Source Files">
      <UniqueIdentifier>{86f2a56d-50db-4045-ac57-cf67c89bf00f}</UniqueIdentifier>
    </Filter>
    <Filter Include="Lessons\3%29 Classes and Objects">
      <UniqueIdentifier>{06a6afb0-c79f-49c9-8f20-d7ba1b0651d4}</UniqueIdentifier>
    </Filter>
    <Filter Include="Lessons\3%29 Classes and Objects\Source Files">
      <UniqueIdentifier>{d8157144-561d-4a87-8843-b7717d7e99a0}</UniqueIdentifier>
    </Filter>
    <Filter Include="Lessons\3%29 Classes and Objects\Classes">
      <UniqueIdentifier>{576299aa-5ca7-4155-9075-5e85999803e5}</UniqueIdentifier>
    </Filter>
    <Filter Include="Lessons\3%29 Classes and Objects\Classes\Header Files">
      <UniqueIdentifier>{b2a81e1d-6136-4ad7-9459-3cf8de1869dc}</UniqueIdentifier>
    </Filter>
    <Filter Include="Lessons\3%29 Classes and Objects\Classes\Source Files">
      <UniqueIdentifier>{467b2282-564e-4214-9227-412a6bbf3298}</UniqueIdentifier>
    </Filter>
    <Filter Include="Lessons\3%29 Classes and Objects\Header Files">
      <UniqueIdentifier>{0b057a7a-b5e8-464a-803d-21e4b55a48c6}</UniqueIdentifier>
    </Filter>
    <Filter Include="Lessons\4%29 L_R_Values.h">
      <UniqueIdentifier>{e2265da0-37c1-4074-a905-e6020573da54}</UniqueIdentifier>
    </Filter>
    <Filter Include="Lessons\4%29 L_R_Values.h\Header Files">
      <UniqueIdentifier>{9faca170-80d1-4307-ad5b-7e076983c1dc}</UniqueIdentifier>
    </Filter>
    <Filter Include="Lessons\4%29 L_R_Values.h\Source Files">
      <UniqueIdentifier>{4bdff84a-02a5-4632-ae87-f8533f489843}</UniqueIdentifier>
    </Filter>
    <Filter Include="Lessons\4%29 L_R_Values.h\Classes">
      <UniqueIdentifier>{3440c681-74f7-49d8-a849-81297b665393}</UniqueIdentifier>
    </Filter>
    <Filter Include="Lessons\4%29 L_R_Values.h\Classes\Header Files">
      <UniqueIdentifier>{52645999-481d-4bc4-b5bf-78630fba9297}</UniqueIdentifier>
    </Filter>
    <Filter Include="Lessons\4%29 L_R_Values.h\Classes\Source Files">
      <UniqueIdentifier>{73693404-9882-4cee-a4dc-dd062a7544a9}</UniqueIdentifier>
    </Filter>
    <Filter Include="Lessons\5%29 Operator Overloading">
      <UniqueIdentifier>{fdd3fd62-2a74-40bc-95d8-f3c5c6747f61}</UniqueIdentifier>
    </Filter>
    <Filter Include="Lessons\5%29 Operator Overloading\Header Files">
      <UniqueIdentifier>{964b7903-2884-443a-91a1-2013abdf878c}</UniqueIdentifier>
    </Filter>
    <Filter Include="Lessons\5%29 Operator Overloading\Source Files">
      <UniqueIdentifier>{b372cd51-085c-4b55-a06b-c7cc7b85902c}</UniqueIdentifier>
    </Filter>
    <Filter Include="Lessons\5%29 Operator Overloading\Classes">
      <UniqueIdentifier>{6c417220-3b55-4763-baaa-456efed64acf}</UniqueIdentifier>
    </Filter>
    <Filter Include="Lessons\5%29 Operator Overloading\Classes\Header Files">
      <UniqueIdentifier>{63fc778d-eb6a-4a2b-86d9-5fe307a332bb}</UniqueIdentifier>
    </Filter>
    <Filter Include="Lessons\5%29 Operator Overloading\Classes\Source Files">
      <UniqueIdentifier>{12b17d06-7652-4566-82a8-e287f235fd52}</UniqueIdentifier>
    </Filter>
    <Filter Include="Lessons\2-1%29 Memory - Basics">
      <UniqueIdentifier>{e3c05441-0bf3-4df2-9819-29f6a9f7d192}</UniqueIdentifier>
    </Filter>
    <Filter Include="Lessons\2-1%29 Memory - Basics\Header Files">
      <UniqueIdentifier>{9b266e2c-9f1f-44d1-ac2b-bc82e30ddc74}</UniqueIdentifier>
    </Filter>
    <Filter Include="Lessons\2-1%29 Memory - Basics\Source Files">
      <UniqueIdentifier>{6b7d1799-65c8-407a-8d43-9f6f9142755f}</UniqueIdentifier>
    </Filter>
    <Filter Include="Lessons\2-2%29 Memory - Smart Pointers">
      <UniqueIdentifier>{a2d6babe-b06d-4514-819c-2d587aed9ccf}</UniqueIdentifier>
    </Filter>
    <Filter Include="Lessons\2-2%29 Memory - Smart Pointers\Header Files">
      <UniqueIdentifier>{cb842cd2-549b-420d-b0eb-2f49a84d10ab}</UniqueIdentifier>
    </Filter>
    <Filter Include="Lessons\2-2%29 Memory - Smart Pointers\Source Files">
      <UniqueIdentifier>{0fb4c125-591d-4286-8696-e8c82649578b}</UniqueIdentifier>
    </Filter>
    <Filter Include="Lessons\2-2%29 Memory - Smart Pointers\Classes">
      <UniqueIdentifier>{9ccab3b7-1f52-4643-9078-d451fd84d086}</UniqueIdentifier>
    </Filter>
    <Filter Include="Lessons\2-2%29 Memory - Smart Pointers\Classes\Header Files">
      <UniqueIdentifier>{9a60b680-d41b-41e4-bd3f-5960ea01fb2b}</UniqueIdentifier>
    </Filter>
    <Filter Include="Lessons\2-2%29 Memory - Smart Pointers\Classes\Source Files">
      <UniqueIdentifier>{620caa8d-3479-4e45-bd4f-a72d343187ac}</UniqueIdentifier>
    </Filter>
  </ItemGroup>
  <ItemGroup>
    <ClCompile Include="main.cpp">
      <Filter>Source Files</Filter>
    </ClCompile>
    <ClCompile Include="MyMath.cpp">
      <Filter>Lessons\1%29 Basics of C++ Language\Source Files</Filter>
    </ClCompile>
    <ClCompile Include="Memory.cpp">
      <Filter>Lessons\2-1%29 Memory - Basics\Source Files</Filter>
    </ClCompile>
    <ClCompile Include="LanguageBasics.cpp">
      <Filter>Lessons\1%29 Basics of C++ Language\Source Files</Filter>
    </ClCompile>
    <ClCompile Include="UtilityHeader.cpp">
      <Filter>Source Files</Filter>
    </ClCompile>
    <ClCompile Include="ClassesObjects.cpp">
      <Filter>Lessons\3%29 Classes and Objects\Source Files</Filter>
    </ClCompile>
    <ClCompile Include="Car.cpp">
      <Filter>Lessons\3%29 Classes and Objects\Classes\Source Files</Filter>
    </ClCompile>
    <ClCompile Include="DrawLine.cpp">
      <Filter>Lessons\3%29 Classes and Objects\Classes\Source Files</Filter>
    </ClCompile>
    <ClCompile Include="Integer.cpp">
      <Filter>Lessons\3%29 Classes and Objects\Classes\Source Files</Filter>
    </ClCompile>
    <ClCompile Include="Buss.cpp">
      <Filter>Lessons\3%29 Classes and Objects\Classes\Source Files</Filter>
    </ClCompile>
    <ClCompile Include="L_R_Values.cpp">
      <Filter>Lessons\4%29 L_R_Values.h\Source Files</Filter>
    </ClCompile>
    <ClCompile Include="Number.cpp">
      <Filter>Lessons\4%29 L_R_Values.h\Classes\Source Files</Filter>
    </ClCompile>
    <ClCompile Include="OperatorOverloading.cpp">
      <Filter>Lessons\5%29 Operator Overloading\Source Files</Filter>
    </ClCompile>
    <ClCompile Include="SmartPointers.cpp">
      <Filter>Lessons\2-2%29 Memory - Smart Pointers\Source Files</Filter>
    </ClCompile>
  </ItemGroup>
  <ItemGroup>
    <ClInclude Include="main.h">
      <Filter>Header Files</Filter>
    </ClInclude>
    <ClInclude Include="AllMacrosInOnePlace.h">
      <Filter>Header Files</Filter>
    </ClInclude>
    <ClInclude Include="UtilityHeader.h">
      <Filter>Header Files</Filter>
    </ClInclude>
    <ClInclude Include="MyMath.h">
      <Filter>Lessons\1%29 Basics of C++ Language\Header Files</Filter>
    </ClInclude>
    <ClInclude Include="LanguageBasics.h">
      <Filter>Lessons\1%29 Basics of C++ Language\Header Files</Filter>
    </ClInclude>
    <ClInclude Include="LanguageBasicsHeaders.h">
      <Filter>Lessons\1%29 Basics of C++ Language\Header Files</Filter>
    </ClInclude>
    <ClInclude Include="Memory.h">
      <Filter>Lessons\2-1%29 Memory - Basics\Header Files</Filter>
    </ClInclude>
    <ClInclude Include="AllStandartHeaders.h">
      <Filter>Header Files</Filter>
    </ClInclude>
    <ClInclude Include="ClassesObjects.h">
      <Filter>Lessons\3%29 Classes and Objects\Header Files</Filter>
    </ClInclude>
    <ClInclude Include="AllClassHeaders.h">
      <Filter>Lessons\3%29 Classes and Objects\Classes\Header Files</Filter>
    </ClInclude>
    <ClInclude Include="Car.h">
      <Filter>Lessons\3%29 Classes and Objects\Classes\Header Files</Filter>
    </ClInclude>
    <ClInclude Include="DrawLine.h">
      <Filter>Lessons\3%29 Classes and Objects\Classes\Header Files</Filter>
    </ClInclude>
    <ClInclude Include="Integer.h">
      <Filter>Lessons\3%29 Classes and Objects\Classes\Header Files</Filter>
    </ClInclude>
    <ClInclude Include="Buss.h">
      <Filter>Lessons\3%29 Classes and Objects\Classes\Header Files</Filter>
    </ClInclude>
    <ClInclude Include="IntegerCpp11.h">
      <Filter>Lessons\3%29 Classes and Objects\Classes\Header Files</Filter>
    </ClInclude>
    <ClInclude Include="L_R_Values.h">
      <Filter>Lessons\4%29 L_R_Values.h\Header Files</Filter>
    </ClInclude>
    <ClInclude Include="Number.h">
      <Filter>Lessons\4%29 L_R_Values.h\Classes\Header Files</Filter>
    </ClInclude>
    <ClInclude Include="OperatorOverloading_Headers.h">
      <Filter>Lessons\5%29 Operator Overloading\Header Files</Filter>
    </ClInclude>
    <ClInclude Include="LessonHeaders.h">
      <Filter>Header Files</Filter>
    </ClInclude>
    <ClInclude Include="SmartPointers.h">
      <Filter>Lessons\2-2%29 Memory - Smart Pointers\Header Files</Filter>
    </ClInclude>
  </ItemGroup>
</Project>