<?xml version="1.0" encoding="utf-8"?>
<Project ToolsVersion="4.0" xmlns="http://schemas.microsoft.com/developer/msbuild/2003">
  <ItemGroup>
    <Filter Include="Source Files">
      <UniqueIdentifier>{4FC737F1-C7A5-4376-A066-2A32D752A2FF}</UniqueIdentifier>
      <Extensions>cpp;c;cc;cxx;c++;cppm;ixx;def;odl;idl;hpj;bat;asm;asmx</Extensions>
    </Filter>
    <Filter Include="Header Files">
      <UniqueIdentifier>{93995380-89BD-4b04-88EB-625FBE52EBFB}</UniqueIdentifier>
      <Extensions>h;hh;hpp;hxx;h++;hm;inl;inc;ipp;xsd</Extensions>
    </Filter>
    <Filter Include="Resource Files">
      <UniqueIdentifier>{67DA6AB6-F800-4c08-8B7A-83BB121AAD01}</UniqueIdentifier>
      <Extensions>rc;ico;cur;bmp;dlg;rc2;rct;bin;rgs;gif;jpg;jpeg;jpe;resx;tiff;tif;png;wav;mfcribbon-ms</Extensions>
    </Filter>
    <Filter Include="Lessons">
      <UniqueIdentifier>{059e6675-08e8-4ba3-91f2-d82cbff5605e}</UniqueIdentifier>
    </Filter>
    <Filter Include="Lessons\Memory">
      <UniqueIdentifier>{e3c05441-0bf3-4df2-9819-29f6a9f7d192}</UniqueIdentifier>
    </Filter>
    <Filter Include="Lessons\Memory\Header Files">
      <UniqueIdentifier>{9b266e2c-9f1f-44d1-ac2b-bc82e30ddc74}</UniqueIdentifier>
    </Filter>
    <Filter Include="Lessons\Memory\Source Files">
      <UniqueIdentifier>{6b7d1799-65c8-407a-8d43-9f6f9142755f}</UniqueIdentifier>
    </Filter>
    <Filter Include="Lessons\Classes and Objects">
      <UniqueIdentifier>{06a6afb0-c79f-49c9-8f20-d7ba1b0651d4}</UniqueIdentifier>
    </Filter>
    <Filter Include="Lessons\Basics of C++ Language">
      <UniqueIdentifier>{1eb4f125-82b5-4ce9-b0fe-cab436116515}</UniqueIdentifier>
    </Filter>
    <Filter Include="Lessons\Basics of C++ Language\Header Files">
      <UniqueIdentifier>{89ac5398-d07c-4b39-8214-fed6a8311d4f}</UniqueIdentifier>
    </Filter>
    <Filter Include="Lessons\Basics of C++ Language\Source Files">
      <UniqueIdentifier>{86f2a56d-50db-4045-ac57-cf67c89bf00f}</UniqueIdentifier>
    </Filter>
    <Filter Include="Lessons\Classes and Objects\Source Files">
      <UniqueIdentifier>{d8157144-561d-4a87-8843-b7717d7e99a0}</UniqueIdentifier>
    </Filter>
    <Filter Include="Lessons\Classes and Objects\Classes">
      <UniqueIdentifier>{576299aa-5ca7-4155-9075-5e85999803e5}</UniqueIdentifier>
    </Filter>
    <Filter Include="Lessons\Classes and Objects\Header Files">
      <UniqueIdentifier>{0b057a7a-b5e8-464a-803d-21e4b55a48c6}</UniqueIdentifier>
    </Filter>
    <Filter Include="Lessons\Classes and Objects\Classes\Header Files">
      <UniqueIdentifier>{b2a81e1d-6136-4ad7-9459-3cf8de1869dc}</UniqueIdentifier>
    </Filter>
    <Filter Include="Lessons\Classes and Objects\Classes\Source Files">
      <UniqueIdentifier>{467b2282-564e-4214-9227-412a6bbf3298}</UniqueIdentifier>
    </Filter>
  </ItemGroup>
  <ItemGroup>
    <ClCompile Include="main.cpp">
      <Filter>Source Files</Filter>
    </ClCompile>
    <ClCompile Include="MyMath.cpp">
      <Filter>Lessons\Basics of C++ Language\Source Files</Filter>
    </ClCompile>
    <ClCompile Include="Memory.cpp">
      <Filter>Lessons\Memory\Source Files</Filter>
    </ClCompile>
    <ClCompile Include="LanguageBasics.cpp">
      <Filter>Lessons\Basics of C++ Language\Source Files</Filter>
    </ClCompile>
    <ClCompile Include="UtilityHeader.cpp">
      <Filter>Source Files</Filter>
    </ClCompile>
    <ClCompile Include="ClassesObjects.cpp">
      <Filter>Lessons\Classes and Objects\Source Files</Filter>
    </ClCompile>
  </ItemGroup>
  <ItemGroup>
    <ClInclude Include="main.h">
      <Filter>Header Files</Filter>
    </ClInclude>
    <ClInclude Include="AllMacrosInOnePlace.h">
      <Filter>Header Files</Filter>
    </ClInclude>
    <ClInclude Include="UtilityHeader.h">
      <Filter>Header Files</Filter>
    </ClInclude>
    <ClInclude Include="MyMath.h">
      <Filter>Lessons\Basics of C++ Language\Header Files</Filter>
    </ClInclude>
    <ClInclude Include="LanguageBasics.h">
      <Filter>Lessons\Basics of C++ Language\Header Files</Filter>
    </ClInclude>
    <ClInclude Include="LanguageBasicsHeaders.h">
      <Filter>Lessons\Basics of C++ Language\Header Files</Filter>
    </ClInclude>
    <ClInclude Include="Memory.h">
      <Filter>Lessons\Memory\Header Files</Filter>
    </ClInclude>
    <ClInclude Include="AllStandartHeaders.h">
      <Filter>Header Files</Filter>
    </ClInclude>
    <ClInclude Include="ClassesObjects.h">
      <Filter>Lessons\Classes and Objects\Header Files</Filter>
    </ClInclude>
    <ClInclude Include="AllClassHeaders.h">
      <Filter>Lessons\Classes and Objects\Classes\Header Files</Filter>
    </ClInclude>
  </ItemGroup>
</Project>